// !$*UTF8*$!
{
	archiveVersion = 1;
	classes = {
	};
	objectVersion = 56;
	objects = {

/* Begin PBXBuildFile section */
		48FB16B628ECA477001322F9 /* AppDelegate.swift in Sources */ = {isa = PBXBuildFile; fileRef = 48FB16B528ECA477001322F9 /* AppDelegate.swift */; };
		48FB16B828ECA477001322F9 /* SceneDelegate.swift in Sources */ = {isa = PBXBuildFile; fileRef = 48FB16B728ECA477001322F9 /* SceneDelegate.swift */; };
		48FB16BA28ECA477001322F9 /* ViewController.swift in Sources */ = {isa = PBXBuildFile; fileRef = 48FB16B928ECA477001322F9 /* ViewController.swift */; };
		48FB16BD28ECA477001322F9 /* Main.storyboard in Resources */ = {isa = PBXBuildFile; fileRef = 48FB16BB28ECA477001322F9 /* Main.storyboard */; };
		48FB16BF28ECA479001322F9 /* Assets.xcassets in Resources */ = {isa = PBXBuildFile; fileRef = 48FB16BE28ECA479001322F9 /* Assets.xcassets */; };
		48FB16C228ECA479001322F9 /* LaunchScreen.storyboard in Resources */ = {isa = PBXBuildFile; fileRef = 48FB16C028ECA479001322F9 /* LaunchScreen.storyboard */; };
		48FB16CD28ECA479001322F9 /* Proyecto2Tests.swift in Sources */ = {isa = PBXBuildFile; fileRef = 48FB16CC28ECA479001322F9 /* Proyecto2Tests.swift */; };
		48FB16D728ECA479001322F9 /* Proyecto2UITests.swift in Sources */ = {isa = PBXBuildFile; fileRef = 48FB16D628ECA479001322F9 /* Proyecto2UITests.swift */; };
		48FB16D928ECA479001322F9 /* Proyecto2UITestsLaunchTests.swift in Sources */ = {isa = PBXBuildFile; fileRef = 48FB16D828ECA479001322F9 /* Proyecto2UITestsLaunchTests.swift */; };
		48FB16E628ECAFDE001322F9 /* ModeProtocol.swift in Sources */ = {isa = PBXBuildFile; fileRef = 48FB16E528ECAFDE001322F9 /* ModeProtocol.swift */; };
		48FB16E828ECB421001322F9 /* TableData.swift in Sources */ = {isa = PBXBuildFile; fileRef = 48FB16E728ECB421001322F9 /* TableData.swift */; };
		48FB16EA28ECF58A001322F9 /* games.swift in Sources */ = {isa = PBXBuildFile; fileRef = 48FB16E928ECF58A001322F9 /* games.swift */; };
/* End PBXBuildFile section */

/* Begin PBXContainerItemProxy section */
		48FB16C928ECA479001322F9 /* PBXContainerItemProxy */ = {
			isa = PBXContainerItemProxy;
			containerPortal = 48FB16AA28ECA477001322F9 /* Project object */;
			proxyType = 1;
			remoteGlobalIDString = 48FB16B128ECA477001322F9;
			remoteInfo = Proyecto2;
		};
		48FB16D328ECA479001322F9 /* PBXContainerItemProxy */ = {
			isa = PBXContainerItemProxy;
			containerPortal = 48FB16AA28ECA477001322F9 /* Project object */;
			proxyType = 1;
			remoteGlobalIDString = 48FB16B128ECA477001322F9;
			remoteInfo = Proyecto2;
		};
/* End PBXContainerItemProxy section */

/* Begin PBXFileReference section */
		48FB16B228ECA477001322F9 /* Proyecto2.app */ = {isa = PBXFileReference; explicitFileType = wrapper.application; includeInIndex = 0; path = Proyecto2.app; sourceTree = BUILT_PRODUCTS_DIR; };
		48FB16B528ECA477001322F9 /* AppDelegate.swift */ = {isa = PBXFileReference; lastKnownFileType = sourcecode.swift; path = AppDelegate.swift; sourceTree = "<group>"; };
		48FB16B728ECA477001322F9 /* SceneDelegate.swift */ = {isa = PBXFileReference; lastKnownFileType = sourcecode.swift; path = SceneDelegate.swift; sourceTree = "<group>"; };
		48FB16B928ECA477001322F9 /* ViewController.swift */ = {isa = PBXFileReference; lastKnownFileType = sourcecode.swift; path = ViewController.swift; sourceTree = "<group>"; };
		48FB16BC28ECA477001322F9 /* Base */ = {isa = PBXFileReference; lastKnownFileType = file.storyboard; name = Base; path = Base.lproj/Main.storyboard; sourceTree = "<group>"; };
		48FB16BE28ECA479001322F9 /* Assets.xcassets */ = {isa = PBXFileReference; lastKnownFileType = folder.assetcatalog; path = Assets.xcassets; sourceTree = "<group>"; };
		48FB16C128ECA479001322F9 /* Base */ = {isa = PBXFileReference; lastKnownFileType = file.storyboard; name = Base; path = Base.lproj/LaunchScreen.storyboard; sourceTree = "<group>"; };
		48FB16C328ECA479001322F9 /* Info.plist */ = {isa = PBXFileReference; lastKnownFileType = text.plist.xml; path = Info.plist; sourceTree = "<group>"; };
		48FB16C828ECA479001322F9 /* Proyecto2Tests.xctest */ = {isa = PBXFileReference; explicitFileType = wrapper.cfbundle; includeInIndex = 0; path = Proyecto2Tests.xctest; sourceTree = BUILT_PRODUCTS_DIR; };
		48FB16CC28ECA479001322F9 /* Proyecto2Tests.swift */ = {isa = PBXFileReference; lastKnownFileType = sourcecode.swift; path = Proyecto2Tests.swift; sourceTree = "<group>"; };
		48FB16D228ECA479001322F9 /* Proyecto2UITests.xctest */ = {isa = PBXFileReference; explicitFileType = wrapper.cfbundle; includeInIndex = 0; path = Proyecto2UITests.xctest; sourceTree = BUILT_PRODUCTS_DIR; };
		48FB16D628ECA479001322F9 /* Proyecto2UITests.swift */ = {isa = PBXFileReference; lastKnownFileType = sourcecode.swift; path = Proyecto2UITests.swift; sourceTree = "<group>"; };
		48FB16D828ECA479001322F9 /* Proyecto2UITestsLaunchTests.swift */ = {isa = PBXFileReference; lastKnownFileType = sourcecode.swift; path = Proyecto2UITestsLaunchTests.swift; sourceTree = "<group>"; };
		48FB16E528ECAFDE001322F9 /* ModeProtocol.swift */ = {isa = PBXFileReference; lastKnownFileType = sourcecode.swift; path = ModeProtocol.swift; sourceTree = "<group>"; };
		48FB16E728ECB421001322F9 /* TableData.swift */ = {isa = PBXFileReference; lastKnownFileType = sourcecode.swift; path = TableData.swift; sourceTree = "<group>"; };
		48FB16E928ECF58A001322F9 /* games.swift */ = {isa = PBXFileReference; lastKnownFileType = sourcecode.swift; path = games.swift; sourceTree = "<group>"; };
/* End PBXFileReference section */

/* Begin PBXFrameworksBuildPhase section */
		48FB16AF28ECA477001322F9 /* Frameworks */ = {
			isa = PBXFrameworksBuildPhase;
			buildActionMask = 2147483647;
			files = (
			);
			runOnlyForDeploymentPostprocessing = 0;
		};
		48FB16C528ECA479001322F9 /* Frameworks */ = {
			isa = PBXFrameworksBuildPhase;
			buildActionMask = 2147483647;
			files = (
			);
			runOnlyForDeploymentPostprocessing = 0;
		};
		48FB16CF28ECA479001322F9 /* Frameworks */ = {
			isa = PBXFrameworksBuildPhase;
			buildActionMask = 2147483647;
			files = (
			);
			runOnlyForDeploymentPostprocessing = 0;
		};
/* End PBXFrameworksBuildPhase section */

/* Begin PBXGroup section */
		48FB16A928ECA477001322F9 = {
			isa = PBXGroup;
			children = (
				48FB16B428ECA477001322F9 /* Proyecto2 */,
				48FB16CB28ECA479001322F9 /* Proyecto2Tests */,
				48FB16D528ECA479001322F9 /* Proyecto2UITests */,
				48FB16B328ECA477001322F9 /* Products */,
			);
			sourceTree = "<group>";
		};
		48FB16B328ECA477001322F9 /* Products */ = {
			isa = PBXGroup;
			children = (
				48FB16B228ECA477001322F9 /* Proyecto2.app */,
				48FB16C828ECA479001322F9 /* Proyecto2Tests.xctest */,
				48FB16D228ECA479001322F9 /* Proyecto2UITests.xctest */,
			);
			name = Products;
			sourceTree = "<group>";
		};
		48FB16B428ECA477001322F9 /* Proyecto2 */ = {
			isa = PBXGroup;
			children = (
				48FB16B528ECA477001322F9 /* AppDelegate.swift */,
				48FB16E928ECF58A001322F9 /* games.swift */,
				48FB16E528ECAFDE001322F9 /* ModeProtocol.swift */,
				48FB16E728ECB421001322F9 /* TableData.swift */,
				48FB16B728ECA477001322F9 /* SceneDelegate.swift */,
				48FB16B928ECA477001322F9 /* ViewController.swift */,
				48FB16BB28ECA477001322F9 /* Main.storyboard */,
				48FB16BE28ECA479001322F9 /* Assets.xcassets */,
				48FB16C028ECA479001322F9 /* LaunchScreen.storyboard */,
				48FB16C328ECA479001322F9 /* Info.plist */,
			);
			path = Proyecto2;
			sourceTree = "<group>";
		};
		48FB16CB28ECA479001322F9 /* Proyecto2Tests */ = {
			isa = PBXGroup;
			children = (
				48FB16CC28ECA479001322F9 /* Proyecto2Tests.swift */,
			);
			path = Proyecto2Tests;
			sourceTree = "<group>";
		};
		48FB16D528ECA479001322F9 /* Proyecto2UITests */ = {
			isa = PBXGroup;
			children = (
				48FB16D628ECA479001322F9 /* Proyecto2UITests.swift */,
				48FB16D828ECA479001322F9 /* Proyecto2UITestsLaunchTests.swift */,
			);
			path = Proyecto2UITests;
			sourceTree = "<group>";
		};
/* End PBXGroup section */

/* Begin PBXNativeTarget section */
		48FB16B128ECA477001322F9 /* Proyecto2 */ = {
			isa = PBXNativeTarget;
			buildConfigurationList = 48FB16DC28ECA479001322F9 /* Build configuration list for PBXNativeTarget "Proyecto2" */;
			buildPhases = (
				48FB16AE28ECA477001322F9 /* Sources */,
				48FB16AF28ECA477001322F9 /* Frameworks */,
				48FB16B028ECA477001322F9 /* Resources */,
			);
			buildRules = (
			);
			dependencies = (
			);
			name = Proyecto2;
			productName = Proyecto2;
			productReference = 48FB16B228ECA477001322F9 /* Proyecto2.app */;
			productType = "com.apple.product-type.application";
		};
		48FB16C728ECA479001322F9 /* Proyecto2Tests */ = {
			isa = PBXNativeTarget;
			buildConfigurationList = 48FB16DF28ECA479001322F9 /* Build configuration list for PBXNativeTarget "Proyecto2Tests" */;
			buildPhases = (
				48FB16C428ECA479001322F9 /* Sources */,
				48FB16C528ECA479001322F9 /* Frameworks */,
				48FB16C628ECA479001322F9 /* Resources */,
			);
			buildRules = (
			);
			dependencies = (
				48FB16CA28ECA479001322F9 /* PBXTargetDependency */,
			);
			name = Proyecto2Tests;
			productName = Proyecto2Tests;
			productReference = 48FB16C828ECA479001322F9 /* Proyecto2Tests.xctest */;
			productType = "com.apple.product-type.bundle.unit-test";
		};
		48FB16D128ECA479001322F9 /* Proyecto2UITests */ = {
			isa = PBXNativeTarget;
			buildConfigurationList = 48FB16E228ECA479001322F9 /* Build configuration list for PBXNativeTarget "Proyecto2UITests" */;
			buildPhases = (
				48FB16CE28ECA479001322F9 /* Sources */,
				48FB16CF28ECA479001322F9 /* Frameworks */,
				48FB16D028ECA479001322F9 /* Resources */,
			);
			buildRules = (
			);
			dependencies = (
				48FB16D428ECA479001322F9 /* PBXTargetDependency */,
			);
			name = Proyecto2UITests;
			productName = Proyecto2UITests;
			productReference = 48FB16D228ECA479001322F9 /* Proyecto2UITests.xctest */;
			productType = "com.apple.product-type.bundle.ui-testing";
		};
/* End PBXNativeTarget section */

/* Begin PBXProject section */
		48FB16AA28ECA477001322F9 /* Project object */ = {
			isa = PBXProject;
			attributes = {
				BuildIndependentTargetsInParallel = 1;
				LastSwiftUpdateCheck = 1400;
				LastUpgradeCheck = 1400;
				TargetAttributes = {
					48FB16B128ECA477001322F9 = {
						CreatedOnToolsVersion = 14.0.1;
					};
					48FB16C728ECA479001322F9 = {
						CreatedOnToolsVersion = 14.0.1;
						TestTargetID = 48FB16B128ECA477001322F9;
					};
					48FB16D128ECA479001322F9 = {
						CreatedOnToolsVersion = 14.0.1;
						TestTargetID = 48FB16B128ECA477001322F9;
					};
				};
			};
			buildConfigurationList = 48FB16AD28ECA477001322F9 /* Build configuration list for PBXProject "Proyecto2" */;
			compatibilityVersion = "Xcode 14.0";
			developmentRegion = en;
			hasScannedForEncodings = 0;
			knownRegions = (
				en,
				Base,
			);
			mainGroup = 48FB16A928ECA477001322F9;
			productRefGroup = 48FB16B328ECA477001322F9 /* Products */;
			projectDirPath = "";
			projectRoot = "";
			targets = (
				48FB16B128ECA477001322F9 /* Proyecto2 */,
				48FB16C728ECA479001322F9 /* Proyecto2Tests */,
				48FB16D128ECA479001322F9 /* Proyecto2UITests */,
			);
		};
/* End PBXProject section */

/* Begin PBXResourcesBuildPhase section */
		48FB16B028ECA477001322F9 /* Resources */ = {
			isa = PBXResourcesBuildPhase;
			buildActionMask = 2147483647;
			files = (
				48FB16C228ECA479001322F9 /* LaunchScreen.storyboard in Resources */,
				48FB16BF28ECA479001322F9 /* Assets.xcassets in Resources */,
				48FB16BD28ECA477001322F9 /* Main.storyboard in Resources */,
			);
			runOnlyForDeploymentPostprocessing = 0;
		};
		48FB16C628ECA479001322F9 /* Resources */ = {
			isa = PBXResourcesBuildPhase;
			buildActionMask = 2147483647;
			files = (
			);
			runOnlyForDeploymentPostprocessing = 0;
		};
		48FB16D028ECA479001322F9 /* Resources */ = {
			isa = PBXResourcesBuildPhase;
			buildActionMask = 2147483647;
			files = (
			);
			runOnlyForDeploymentPostprocessing = 0;
		};
/* End PBXResourcesBuildPhase section */

/* Begin PBXSourcesBuildPhase section */
		48FB16AE28ECA477001322F9 /* Sources */ = {
			isa = PBXSourcesBuildPhase;
			buildActionMask = 2147483647;
			files = (
				48FB16E628ECAFDE001322F9 /* ModeProtocol.swift in Sources */,
				48FB16BA28ECA477001322F9 /* ViewController.swift in Sources */,
				48FB16B628ECA477001322F9 /* AppDelegate.swift in Sources */,
				48FB16EA28ECF58A001322F9 /* games.swift in Sources */,
				48FB16B828ECA477001322F9 /* SceneDelegate.swift in Sources */,
				48FB16E828ECB421001322F9 /* TableData.swift in Sources */,
			);
			runOnlyForDeploymentPostprocessing = 0;
		};
		48FB16C428ECA479001322F9 /* Sources */ = {
			isa = PBXSourcesBuildPhase;
			buildActionMask = 2147483647;
			files = (
				48FB16CD28ECA479001322F9 /* Proyecto2Tests.swift in Sources */,
			);
			runOnlyForDeploymentPostprocessing = 0;
		};
		48FB16CE28ECA479001322F9 /* Sources */ = {
			isa = PBXSourcesBuildPhase;
			buildActionMask = 2147483647;
			files = (
				48FB16D928ECA479001322F9 /* Proyecto2UITestsLaunchTests.swift in Sources */,
				48FB16D728ECA479001322F9 /* Proyecto2UITests.swift in Sources */,
			);
			runOnlyForDeploymentPostprocessing = 0;
		};
/* End PBXSourcesBuildPhase section */

/* Begin PBXTargetDependency section */
		48FB16CA28ECA479001322F9 /* PBXTargetDependency */ = {
			isa = PBXTargetDependency;
			target = 48FB16B128ECA477001322F9 /* Proyecto2 */;
			targetProxy = 48FB16C928ECA479001322F9 /* PBXContainerItemProxy */;
		};
		48FB16D428ECA479001322F9 /* PBXTargetDependency */ = {
			isa = PBXTargetDependency;
			target = 48FB16B128ECA477001322F9 /* Proyecto2 */;
			targetProxy = 48FB16D328ECA479001322F9 /* PBXContainerItemProxy */;
		};
/* End PBXTargetDependency section */

/* Begin PBXVariantGroup section */
		48FB16BB28ECA477001322F9 /* Main.storyboard */ = {
			isa = PBXVariantGroup;
			children = (
				48FB16BC28ECA477001322F9 /* Base */,
			);
			name = Main.storyboard;
			sourceTree = "<group>";
		};
		48FB16C028ECA479001322F9 /* LaunchScreen.storyboard */ = {
			isa = PBXVariantGroup;
			children = (
				48FB16C128ECA479001322F9 /* Base */,
			);
			name = LaunchScreen.storyboard;
			sourceTree = "<group>";
		};
/* End PBXVariantGroup section */

/* Begin XCBuildConfiguration section */
		48FB16DA28ECA479001322F9 /* Debug */ = {
			isa = XCBuildConfiguration;
			buildSettings = {
				ALWAYS_SEARCH_USER_PATHS = NO;
				CLANG_ANALYZER_NONNULL = YES;
				CLANG_ANALYZER_NUMBER_OBJECT_CONVERSION = YES_AGGRESSIVE;
				CLANG_CXX_LANGUAGE_STANDARD = "gnu++20";
				CLANG_ENABLE_MODULES = YES;
				CLANG_ENABLE_OBJC_ARC = YES;
				CLANG_ENABLE_OBJC_WEAK = YES;
				CLANG_WARN_BLOCK_CAPTURE_AUTORELEASING = YES;
				CLANG_WARN_BOOL_CONVERSION = YES;
				CLANG_WARN_COMMA = YES;
				CLANG_WARN_CONSTANT_CONVERSION = YES;
				CLANG_WARN_DEPRECATED_OBJC_IMPLEMENTATIONS = YES;
				CLANG_WARN_DIRECT_OBJC_ISA_USAGE = YES_ERROR;
				CLANG_WARN_DOCUMENTATION_COMMENTS = YES;
				CLANG_WARN_EMPTY_BODY = YES;
				CLANG_WARN_ENUM_CONVERSION = YES;
				CLANG_WARN_INFINITE_RECURSION = YES;
				CLANG_WARN_INT_CONVERSION = YES;
				CLANG_WARN_NON_LITERAL_NULL_CONVERSION = YES;
				CLANG_WARN_OBJC_IMPLICIT_RETAIN_SELF = YES;
				CLANG_WARN_OBJC_LITERAL_CONVERSION = YES;
				CLANG_WARN_OBJC_ROOT_CLASS = YES_ERROR;
				CLANG_WARN_QUOTED_INCLUDE_IN_FRAMEWORK_HEADER = YES;
				CLANG_WARN_RANGE_LOOP_ANALYSIS = YES;
				CLANG_WARN_STRICT_PROTOTYPES = YES;
				CLANG_WARN_SUSPICIOUS_MOVE = YES;
				CLANG_WARN_UNGUARDED_AVAILABILITY = YES_AGGRESSIVE;
				CLANG_WARN_UNREACHABLE_CODE = YES;
				CLANG_WARN__DUPLICATE_METHOD_MATCH = YES;
				COPY_PHASE_STRIP = NO;
				DEBUG_INFORMATION_FORMAT = dwarf;
				ENABLE_STRICT_OBJC_MSGSEND = YES;
				ENABLE_TESTABILITY = YES;
				GCC_C_LANGUAGE_STANDARD = gnu11;
				GCC_DYNAMIC_NO_PIC = NO;
				GCC_NO_COMMON_BLOCKS = YES;
				GCC_OPTIMIZATION_LEVEL = 0;
				GCC_PREPROCESSOR_DEFINITIONS = (
					"DEBUG=1",
					"$(inherited)",
				);
				GCC_WARN_64_TO_32_BIT_CONVERSION = YES;
				GCC_WARN_ABOUT_RETURN_TYPE = YES_ERROR;
				GCC_WARN_UNDECLARED_SELECTOR = YES;
				GCC_WARN_UNINITIALIZED_AUTOS = YES_AGGRESSIVE;
				GCC_WARN_UNUSED_FUNCTION = YES;
				GCC_WARN_UNUSED_VARIABLE = YES;
				IPHONEOS_DEPLOYMENT_TARGET = 16.0;
				MTL_ENABLE_DEBUG_INFO = INCLUDE_SOURCE;
				MTL_FAST_MATH = YES;
				ONLY_ACTIVE_ARCH = YES;
				SDKROOT = iphoneos;
				SWIFT_ACTIVE_COMPILATION_CONDITIONS = DEBUG;
				SWIFT_OPTIMIZATION_LEVEL = "-Onone";
			};
			name = Debug;
		};
		48FB16DB28ECA479001322F9 /* Release */ = {
			isa = XCBuildConfiguration;
			buildSettings = {
				ALWAYS_SEARCH_USER_PATHS = NO;
				CLANG_ANALYZER_NONNULL = YES;
				CLANG_ANALYZER_NUMBER_OBJECT_CONVERSION = YES_AGGRESSIVE;
				CLANG_CXX_LANGUAGE_STANDARD = "gnu++20";
				CLANG_ENABLE_MODULES = YES;
				CLANG_ENABLE_OBJC_ARC = YES;
				CLANG_ENABLE_OBJC_WEAK = YES;
				CLANG_WARN_BLOCK_CAPTURE_AUTORELEASING = YES;
				CLANG_WARN_BOOL_CONVERSION = YES;
				CLANG_WARN_COMMA = YES;
				CLANG_WARN_CONSTANT_CONVERSION = YES;
				CLANG_WARN_DEPRECATED_OBJC_IMPLEMENTATIONS = YES;
				CLANG_WARN_DIRECT_OBJC_ISA_USAGE = YES_ERROR;
				CLANG_WARN_DOCUMENTATION_COMMENTS = YES;
				CLANG_WARN_EMPTY_BODY = YES;
				CLANG_WARN_ENUM_CONVERSION = YES;
				CLANG_WARN_INFINITE_RECURSION = YES;
				CLANG_WARN_INT_CONVERSION = YES;
				CLANG_WARN_NON_LITERAL_NULL_CONVERSION = YES;
				CLANG_WARN_OBJC_IMPLICIT_RETAIN_SELF = YES;
				CLANG_WARN_OBJC_LITERAL_CONVERSION = YES;
				CLANG_WARN_OBJC_ROOT_CLASS = YES_ERROR;
				CLANG_WARN_QUOTED_INCLUDE_IN_FRAMEWORK_HEADER = YES;
				CLANG_WARN_RANGE_LOOP_ANALYSIS = YES;
				CLANG_WARN_STRICT_PROTOTYPES = YES;
				CLANG_WARN_SUSPICIOUS_MOVE = YES;
				CLANG_WARN_UNGUARDED_AVAILABILITY = YES_AGGRESSIVE;
				CLANG_WARN_UNREACHABLE_CODE = YES;
				CLANG_WARN__DUPLICATE_METHOD_MATCH = YES;
				COPY_PHASE_STRIP = NO;
				DEBUG_INFORMATION_FORMAT = "dwarf-with-dsym";
				ENABLE_NS_ASSERTIONS = NO;
				ENABLE_STRICT_OBJC_MSGSEND = YES;
				GCC_C_LANGUAGE_STANDARD = gnu11;
				GCC_NO_COMMON_BLOCKS = YES;
				GCC_WARN_64_TO_32_BIT_CONVERSION = YES;
				GCC_WARN_ABOUT_RETURN_TYPE = YES_ERROR;
				GCC_WARN_UNDECLARED_SELECTOR = YES;
				GCC_WARN_UNINITIALIZED_AUTOS = YES_AGGRESSIVE;
				GCC_WARN_UNUSED_FUNCTION = YES;
				GCC_WARN_UNUSED_VARIABLE = YES;
				IPHONEOS_DEPLOYMENT_TARGET = 16.0;
				MTL_ENABLE_DEBUG_INFO = NO;
				MTL_FAST_MATH = YES;
				SDKROOT = iphoneos;
				SWIFT_COMPILATION_MODE = wholemodule;
				SWIFT_OPTIMIZATION_LEVEL = "-O";
				VALIDATE_PRODUCT = YES;
			};
			name = Release;
		};
		48FB16DD28ECA479001322F9 /* Debug */ = {
			isa = XCBuildConfiguration;
			buildSettings = {
				ASSETCATALOG_COMPILER_APPICON_NAME = AppIcon;
				ASSETCATALOG_COMPILER_GLOBAL_ACCENT_COLOR_NAME = AccentColor;
				CODE_SIGN_STYLE = Automatic;
				CURRENT_PROJECT_VERSION = 1;
				DEVELOPMENT_TEAM = V895SM7VF4;
				GENERATE_INFOPLIST_FILE = YES;
				INFOPLIST_FILE = Proyecto2/Info.plist;
				INFOPLIST_KEY_UIApplicationSupportsIndirectInputEvents = YES;
				INFOPLIST_KEY_UILaunchStoryboardName = LaunchScreen;
				INFOPLIST_KEY_UIMainStoryboardFile = Main;
				INFOPLIST_KEY_UISupportedInterfaceOrientations_iPad = "UIInterfaceOrientationPortrait UIInterfaceOrientationPortraitUpsideDown UIInterfaceOrientationLandscapeLeft UIInterfaceOrientationLandscapeRight";
				INFOPLIST_KEY_UISupportedInterfaceOrientations_iPhone = "UIInterfaceOrientationPortrait UIInterfaceOrientationLandscapeLeft UIInterfaceOrientationLandscapeRight";
				LD_RUNPATH_SEARCH_PATHS = (
					"$(inherited)",
					"@executable_path/Frameworks",
				);
				MARKETING_VERSION = 1.0;
				PRODUCT_BUNDLE_IDENTIFIER = OsasuSB.Proyecto2;
				PRODUCT_NAME = "$(TARGET_NAME)";
				SUPPORTED_PLATFORMS = "iphoneos iphonesimulator";
				SUPPORTS_MACCATALYST = NO;
				SUPPORTS_MAC_DESIGNED_FOR_IPHONE_IPAD = NO;
				SWIFT_EMIT_LOC_STRINGS = YES;
				SWIFT_VERSION = 5.0;
				TARGETED_DEVICE_FAMILY = "1,2";
			};
			name = Debug;
		};
		48FB16DE28ECA479001322F9 /* Release */ = {
			isa = XCBuildConfiguration;
			buildSettings = {
				ASSETCATALOG_COMPILER_APPICON_NAME = AppIcon;
				ASSETCATALOG_COMPILER_GLOBAL_ACCENT_COLOR_NAME = AccentColor;
				CODE_SIGN_STYLE = Automatic;
				CURRENT_PROJECT_VERSION = 1;
				DEVELOPMENT_TEAM = V895SM7VF4;
				GENERATE_INFOPLIST_FILE = YES;
				INFOPLIST_FILE = Proyecto2/Info.plist;
				INFOPLIST_KEY_UIApplicationSupportsIndirectInputEvents = YES;
				INFOPLIST_KEY_UILaunchStoryboardName = LaunchScreen;
				INFOPLIST_KEY_UIMainStoryboardFile = Main;
				INFOPLIST_KEY_UISupportedInterfaceOrientations_iPad = "UIInterfaceOrientationPortrait UIInterfaceOrientationPortraitUpsideDown UIInterfaceOrientationLandscapeLeft UIInterfaceOrientationLandscapeRight";
				INFOPLIST_KEY_UISupportedInterfaceOrientations_iPhone = "UIInterfaceOrientationPortrait UIInterfaceOrientationLandscapeLeft UIInterfaceOrientationLandscapeRight";
				LD_RUNPATH_SEARCH_PATHS = (
					"$(inherited)",
					"@executable_path/Frameworks",
				);
				MARKETING_VERSION = 1.0;
				PRODUCT_BUNDLE_IDENTIFIER = OsasuSB.Proyecto2;
				PRODUCT_NAME = "$(TARGET_NAME)";
				SUPPORTED_PLATFORMS = "iphoneos iphonesimulator";
				SUPPORTS_MACCATALYST = NO;
				SUPPORTS_MAC_DESIGNED_FOR_IPHONE_IPAD = NO;
				SWIFT_EMIT_LOC_STRINGS = YES;
				SWIFT_VERSION = 5.0;
				TARGETED_DEVICE_FAMILY = "1,2";
			};
			name = Release;
		};
		48FB16E028ECA479001322F9 /* Debug */ = {
			isa = XCBuildConfiguration;
			buildSettings = {
				ALWAYS_EMBED_SWIFT_STANDARD_LIBRARIES = YES;
				BUNDLE_LOADER = "$(TEST_HOST)";
				CODE_SIGN_STYLE = Automatic;
				CURRENT_PROJECT_VERSION = 1;
				DEVELOPMENT_TEAM = V895SM7VF4;
				GENERATE_INFOPLIST_FILE = YES;
				IPHONEOS_DEPLOYMENT_TARGET = 16.0;
				MARKETING_VERSION = 1.0;
				PRODUCT_BUNDLE_IDENTIFIER = OsasuSB.Proyecto2Tests;
				PRODUCT_NAME = "$(TARGET_NAME)";
				SWIFT_EMIT_LOC_STRINGS = NO;
				SWIFT_VERSION = 5.0;
				TARGETED_DEVICE_FAMILY = "1,2";
				TEST_HOST = "$(BUILT_PRODUCTS_DIR)/Proyecto2.app/$(BUNDLE_EXECUTABLE_FOLDER_PATH)/Proyecto2";
			};
			name = Debug;
		};
		48FB16E128ECA479001322F9 /* Release */ = {
			isa = XCBuildConfiguration;
			buildSettings = {
				ALWAYS_EMBED_SWIFT_STANDARD_LIBRARIES = YES;
				BUNDLE_LOADER = "$(TEST_HOST)";
				CODE_SIGN_STYLE = Automatic;
				CURRENT_PROJECT_VERSION = 1;
				DEVELOPMENT_TEAM = V895SM7VF4;
				GENERATE_INFOPLIST_FILE = YES;
				IPHONEOS_DEPLOYMENT_TARGET = 16.0;
				MARKETING_VERSION = 1.0;
				PRODUCT_BUNDLE_IDENTIFIER = OsasuSB.Proyecto2Tests;
				PRODUCT_NAME = "$(TARGET_NAME)";
				SWIFT_EMIT_LOC_STRINGS = NO;
				SWIFT_VERSION = 5.0;
				TARGETED_DEVICE_FAMILY = "1,2";
				TEST_HOST = "$(BUILT_PRODUCTS_DIR)/Proyecto2.app/$(BUNDLE_EXECUTABLE_FOLDER_PATH)/Proyecto2";
			};
			name = Release;
		};
		48FB16E328ECA479001322F9 /* Debug */ = {
			isa = XCBuildConfiguration;
			buildSettings = {
				ALWAYS_EMBED_SWIFT_STANDARD_LIBRARIES = YES;
				CODE_SIGN_STYLE = Automatic;
				CURRENT_PROJECT_VERSION = 1;
				DEVELOPMENT_TEAM = V895SM7VF4;
				GENERATE_INFOPLIST_FILE = YES;
				MARKETING_VERSION = 1.0;
				PRODUCT_BUNDLE_IDENTIFIER = OsasuSB.Proyecto2UITests;
				PRODUCT_NAME = "$(TARGET_NAME)";
				SWIFT_EMIT_LOC_STRINGS = NO;
				SWIFT_VERSION = 5.0;
				TARGETED_DEVICE_FAMILY = "1,2";
				TEST_TARGET_NAME = Proyecto2;
			};
			name = Debug;
		};
		48FB16E428ECA479001322F9 /* Release */ = {
			isa = XCBuildConfiguration;
			buildSettings = {
				ALWAYS_EMBED_SWIFT_STANDARD_LIBRARIES = YES;
				CODE_SIGN_STYLE = Automatic;
				CURRENT_PROJECT_VERSION = 1;
				DEVELOPMENT_TEAM = V895SM7VF4;
				GENERATE_INFOPLIST_FILE = YES;
				MARKETING_VERSION = 1.0;
				PRODUCT_BUNDLE_IDENTIFIER = OsasuSB.Proyecto2UITests;
				PRODUCT_NAME = "$(TARGET_NAME)";
				SWIFT_EMIT_LOC_STRINGS = NO;
				SWIFT_VERSION = 5.0;
				TARGETED_DEVICE_FAMILY = "1,2";
				TEST_TARGET_NAME = Proyecto2;
			};
			name = Release;
		};
/* End XCBuildConfiguration section */

/* Begin XCConfigurationList section */
		48FB16AD28ECA477001322F9 /* Build configuration list for PBXProject "Proyecto2" */ = {
			isa = XCConfigurationList;
			buildConfigurations = (
				48FB16DA28ECA479001322F9 /* Debug */,
				48FB16DB28ECA479001322F9 /* Release */,
			);
			defaultConfigurationIsVisible = 0;
			defaultConfigurationName = Release;
		};
		48FB16DC28ECA479001322F9 /* Build configuration list for PBXNativeTarget "Proyecto2" */ = {
			isa = XCConfigurationList;
			buildConfigurations = (
				48FB16DD28ECA479001322F9 /* Debug */,
				48FB16DE28ECA479001322F9 /* Release */,
			);
			defaultConfigurationIsVisible = 0;
			defaultConfigurationName = Release;
		};
		48FB16DF28ECA479001322F9 /* Build configuration list for PBXNativeTarget "Proyecto2Tests" */ = {
			isa = XCConfigurationList;
			buildConfigurations = (
				48FB16E028ECA479001322F9 /* Debug */,
				48FB16E128ECA479001322F9 /* Release */,
			);
			defaultConfigurationIsVisible = 0;
			defaultConfigurationName = Release;
		};
		48FB16E228ECA479001322F9 /* Build configuration list for PBXNativeTarget "Proyecto2UITests" */ = {
			isa = XCConfigurationList;
			buildConfigurations = (
				48FB16E328ECA479001322F9 /* Debug */,
				48FB16E428ECA479001322F9 /* Release */,
			);
			defaultConfigurationIsVisible = 0;
			defaultConfigurationName = Release;
		};
/* End XCConfigurationList section */
	};
	rootObject = 48FB16AA28ECA477001322F9 /* Project object */;
}
